<?xml version="1.0" encoding="utf-8"?>
<Project ToolsVersion="4.0" xmlns="http://schemas.microsoft.com/developer/msbuild/2003">
  <ItemGroup>
    <Filter Include="Source Files">
      <UniqueIdentifier>{4FC737F1-C7A5-4376-A066-2A32D752A2FF}</UniqueIdentifier>
      <Extensions>cpp;c;cc;cxx;def;odl;idl;hpj;bat;asm;asmx</Extensions>
    </Filter>
    <Filter Include="Header Files">
      <UniqueIdentifier>{93995380-89BD-4b04-88EB-625FBE52EBFB}</UniqueIdentifier>
      <Extensions>h;hh;hpp;hxx;hm;inl;inc;ipp;xsd</Extensions>
    </Filter>
    <Filter Include="Resource Files">
      <UniqueIdentifier>{67DA6AB6-F800-4c08-8B7A-83BB121AAD01}</UniqueIdentifier>
      <Extensions>rc;ico;cur;bmp;dlg;rc2;rct;bin;rgs;gif;jpg;jpeg;jpe;resx;tiff;tif;png;wav;mfcribbon-ms</Extensions>
    </Filter>
    <Filter Include="Archived">
      <UniqueIdentifier>{9b1b7301-2089-4767-9f16-8e893d513492}</UniqueIdentifier>
    </Filter>
    <Filter Include="Archived\PlanetGen">
      <UniqueIdentifier>{3fc76a21-9a04-4c18-8341-91e31c9690aa}</UniqueIdentifier>
    </Filter>
    <Filter Include="Archived\VoxelGen">
      <UniqueIdentifier>{34b103e0-28f9-4253-8166-926da4191d97}</UniqueIdentifier>
    </Filter>
    <Filter Include="PCH">
      <UniqueIdentifier>{c60b2984-a7b3-4294-b241-c7d68299b539}</UniqueIdentifier>
    </Filter>
    <Filter Include="ExternalCode">
      <UniqueIdentifier>{ff116285-adf4-4c08-affe-651dc253671c}</UniqueIdentifier>
    </Filter>
    <Filter Include="Shaders">
      <UniqueIdentifier>{6a8de722-72c8-4563-a2e8-e3894f103d2c}</UniqueIdentifier>
    </Filter>
    <Filter Include="VertexRender">
      <UniqueIdentifier>{30cc9d05-ba22-4880-a26a-e43d5a298162}</UniqueIdentifier>
    </Filter>
    <Filter Include="VertexRender\VectorPrimitives">
      <UniqueIdentifier>{ba01619d-8bb5-4a15-b6e9-7e39e38e1447}</UniqueIdentifier>
    </Filter>
    <Filter Include="VertexRender\VectorPrimitives\Factories">
      <UniqueIdentifier>{c91876b3-f581-4b3d-95e6-04160bcfe662}</UniqueIdentifier>
    </Filter>
  </ItemGroup>
  <ItemGroup>
    <ClCompile Include="Main.cpp">
      <Filter>Source Files</Filter>
    </ClCompile>
    <ClCompile Include="Game.cpp">
      <Filter>Source Files</Filter>
    </ClCompile>
    <ClCompile Include="PlanetGenerate.cpp">
      <Filter>Archived\PlanetGen</Filter>
    </ClCompile>
    <ClCompile Include="JumpGame.cpp">
      <Filter>Archived</Filter>
    </ClCompile>
    <ClCompile Include="OLD_Renderer.cpp">
      <Filter>Source Files</Filter>
    </ClCompile>
    <ClCompile Include="pch.cpp">
      <Filter>PCH</Filter>
    </ClCompile>
    <ClCompile Include="StbImageCompile.cpp">
      <Filter>ExternalCode</Filter>
    </ClCompile>
    <ClCompile Include="Mesh.cpp">
      <Filter>Source Files</Filter>
    </ClCompile>
    <ClCompile Include="Texture.cpp">
      <Filter>Source Files</Filter>
    </ClCompile>
    <ClCompile Include="ResourceLoader.cpp">
      <Filter>Source Files</Filter>
    </ClCompile>
    <ClCompile Include="VectorPrimitiveBase.cpp">
      <Filter>VertexRender\VectorPrimitives</Filter>
    </ClCompile>
    <ClCompile Include="VectorPrimitiveCircle.cpp">
      <Filter>VertexRender\VectorPrimitives</Filter>
    </ClCompile>
    <ClCompile Include="VectorPrimitiveRectangle.cpp">
      <Filter>VertexRender\VectorPrimitives</Filter>
    </ClCompile>
    <ClCompile Include="VectorPrimitiveLayer.cpp">
      <Filter>VertexRender\VectorPrimitives</Filter>
    </ClCompile>
    <ClCompile Include="VectorPrimitiveShape.cpp">
      <Filter>VertexRender\VectorPrimitives</Filter>
    </ClCompile>
    <ClCompile Include="Renderer.cpp">
      <Filter>VertexRender</Filter>
    </ClCompile>
    <ClCompile Include="VectorPrimitiveFactoryBase.cpp">
      <Filter>VertexRender\VectorPrimitives\Factories</Filter>
    </ClCompile>
    <ClCompile Include="VectorPrimitiveFactoryCircle.cpp">
      <Filter>VertexRender\VectorPrimitives\Factories</Filter>
    </ClCompile>
    <ClCompile Include="VectorPrimitiveFactoryLayer.cpp">
      <Filter>VertexRender\VectorPrimitives\Factories</Filter>
    </ClCompile>
    <ClCompile Include="VectorPrimitiveFactoryRectangle.cpp">
      <Filter>VertexRender\VectorPrimitives\Factories</Filter>
    </ClCompile>
    <ClCompile Include="VectorPrimitiveFactoryManager.cpp">
      <Filter>VertexRender\VectorPrimitives\Factories</Filter>
    </ClCompile>
  </ItemGroup>
  <ItemGroup>
    <ClInclude Include="Game.h">
      <Filter>Header Files</Filter>
    </ClInclude>
    <ClInclude Include="Renderer.h">
      <Filter>Header Files</Filter>
    </ClInclude>
    <ClInclude Include="pch.h">
      <Filter>PCH</Filter>
    </ClInclude>
    <ClInclude Include="stb_image.h">
      <Filter>ExternalCode</Filter>
    </ClInclude>
    <ClInclude Include="tinyobj_loader.h">
      <Filter>ExternalCode</Filter>
    </ClInclude>
    <ClInclude Include="Mesh.h">
      <Filter>Header Files</Filter>
    </ClInclude>
    <ClInclude Include="Texture.h">
      <Filter>Header Files</Filter>
    </ClInclude>
    <ClInclude Include="ResourceLoader.h">
      <Filter>Header Files</Filter>
    </ClInclude>
    <ClInclude Include="VectorPrimitiveBase.h">
      <Filter>VertexRender\VectorPrimitives</Filter>
    </ClInclude>
    <ClInclude Include="VectorPrimitiveCircle.h">
      <Filter>VertexRender\VectorPrimitives</Filter>
    </ClInclude>
    <ClInclude Include="VectorPrimitiveRectangle.h">
      <Filter>VertexRender\VectorPrimitives</Filter>
    </ClInclude>
    <ClInclude Include="VectorPrimitiveTypes.h">
      <Filter>VertexRender\VectorPrimitives</Filter>
    </ClInclude>
    <ClInclude Include="VectorPrimitiveLayer.h">
      <Filter>VertexRender\VectorPrimitives</Filter>
    </ClInclude>
    <ClInclude Include="VectorPrimitiveShape.h">
      <Filter>VertexRender\VectorPrimitives</Filter>
    </ClInclude>
    <ClInclude Include="VectorPrimitiveFactoryBase.h">
      <Filter>VertexRender\VectorPrimitives\Factories</Filter>
    </ClInclude>
    <ClInclude Include="VectorPrimitiveFactoryCircle.h">
      <Filter>VertexRender\VectorPrimitives\Factories</Filter>
    </ClInclude>
    <ClInclude Include="VectorPrimitiveFactoryLayer.h">
      <Filter>VertexRender\VectorPrimitives\Factories</Filter>
    </ClInclude>
    <ClInclude Include="VectorPrimitiveFactoryRectangle.h">
      <Filter>VertexRender\VectorPrimitives\Factories</Filter>
    </ClInclude>
    <ClInclude Include="VectorPrimitiveFactoryManager.h">
      <Filter>VertexRender\VectorPrimitives\Factories</Filter>
    </ClInclude>
  </ItemGroup>
  <ItemGroup>
    <None Include="..\Graphics\Shaders\ImGuiFrag.frag">
      <Filter>Shaders</Filter>
    </None>
    <None Include="..\Graphics\Shaders\ImGuiVert.vert">
      <Filter>Shaders</Filter>
    </None>
    <None Include="..\Graphics\Shaders\VectorFrag.frag">
      <Filter>Shaders</Filter>
    </None>
    <None Include="..\Graphics\Shaders\VectorVert.vert">
      <Filter>Shaders</Filter>
    </None>
  </ItemGroup>
</Project>