<?xml version="1.0" encoding="utf-8"?>
<Project ToolsVersion="4.0" xmlns="http://schemas.microsoft.com/developer/msbuild/2003">
  <ItemGroup>
    <Filter Include="Source Files">
      <UniqueIdentifier>{4FC737F1-C7A5-4376-A066-2A32D752A2FF}</UniqueIdentifier>
      <Extensions>cpp;c;cc;cxx;def;odl;idl;hpj;bat;asm;asmx</Extensions>
    </Filter>
    <Filter Include="Header Files">
      <UniqueIdentifier>{93995380-89BD-4b04-88EB-625FBE52EBFB}</UniqueIdentifier>
      <Extensions>h;hh;hpp;hxx;hm;inl;inc;ipp;xsd</Extensions>
    </Filter>
    <Filter Include="Archived">
      <UniqueIdentifier>{9b1b7301-2089-4767-9f16-8e893d513492}</UniqueIdentifier>
    </Filter>
    <Filter Include="Archived\PlanetGen">
      <UniqueIdentifier>{3fc76a21-9a04-4c18-8341-91e31c9690aa}</UniqueIdentifier>
    </Filter>
    <Filter Include="Archived\VoxelGen">
      <UniqueIdentifier>{34b103e0-28f9-4253-8166-926da4191d97}</UniqueIdentifier>
    </Filter>
    <Filter Include="PCH">
      <UniqueIdentifier>{c60b2984-a7b3-4294-b241-c7d68299b539}</UniqueIdentifier>
    </Filter>
    <Filter Include="ExternalCode">
      <UniqueIdentifier>{ff116285-adf4-4c08-affe-651dc253671c}</UniqueIdentifier>
    </Filter>
    <Filter Include="Systems">
      <UniqueIdentifier>{485f6529-f04f-43bf-a829-64af8c87b13a}</UniqueIdentifier>
    </Filter>
    <Filter Include="Systems\ECS">
      <UniqueIdentifier>{3cc9f9ce-808d-407d-8cb6-27865779297f}</UniqueIdentifier>
    </Filter>
    <Filter Include="Systems\ECS\Systems">
      <UniqueIdentifier>{b004a812-59db-4063-bdf9-7478f54d910a}</UniqueIdentifier>
    </Filter>
    <Filter Include="Systems\Shaders">
      <UniqueIdentifier>{6a8de722-72c8-4563-a2e8-e3894f103d2c}</UniqueIdentifier>
    </Filter>
    <Filter Include="Systems\WorldGen">
      <UniqueIdentifier>{d9a2f4a5-6e75-4258-81f6-89cec50d25d5}</UniqueIdentifier>
    </Filter>
    <Filter Include="Systems\VectorRenderer">
      <UniqueIdentifier>{30cc9d05-ba22-4880-a26a-e43d5a298162}</UniqueIdentifier>
    </Filter>
    <Filter Include="Systems\VectorRenderer\VectorPrimitives">
      <UniqueIdentifier>{ba01619d-8bb5-4a15-b6e9-7e39e38e1447}</UniqueIdentifier>
    </Filter>
    <Filter Include="Systems\VectorRenderer\VectorPrimitives\Factories">
      <UniqueIdentifier>{c91876b3-f581-4b3d-95e6-04160bcfe662}</UniqueIdentifier>
    </Filter>
    <Filter Include="Systems\WorldGen\ChunkGenerators">
      <UniqueIdentifier>{76fed8e0-d723-49c5-b193-9586acdabd7e}</UniqueIdentifier>
    </Filter>
    <Filter Include="Systems\ActionSystem">
      <UniqueIdentifier>{6fedbcea-443f-416b-9ff2-ae1fa225e45d}</UniqueIdentifier>
    </Filter>
  </ItemGroup>
  <ItemGroup>
    <ClCompile Include="Main.cpp">
      <Filter>Source Files</Filter>
    </ClCompile>
    <ClCompile Include="Game.cpp">
      <Filter>Source Files</Filter>
    </ClCompile>
    <ClCompile Include="PlanetGenerate.cpp">
      <Filter>Archived\PlanetGen</Filter>
    </ClCompile>
    <ClCompile Include="JumpGame.cpp">
      <Filter>Archived</Filter>
    </ClCompile>
    <ClCompile Include="OLD_Renderer.cpp">
      <Filter>Source Files</Filter>
    </ClCompile>
    <ClCompile Include="pch.cpp">
      <Filter>PCH</Filter>
    </ClCompile>
    <ClCompile Include="StbImageCompile.cpp">
      <Filter>ExternalCode</Filter>
    </ClCompile>
    <ClCompile Include="Mesh.cpp">
      <Filter>Source Files</Filter>
    </ClCompile>
    <ClCompile Include="Texture.cpp">
      <Filter>Source Files</Filter>
    </ClCompile>
    <ClCompile Include="ResourceLoader.cpp">
      <Filter>Source Files</Filter>
    </ClCompile>
    <ClCompile Include="VectorPrimitiveBase.cpp">
      <Filter>Systems\VectorRenderer\VectorPrimitives</Filter>
    </ClCompile>
    <ClCompile Include="VectorPrimitiveCircle.cpp">
      <Filter>Systems\VectorRenderer\VectorPrimitives</Filter>
    </ClCompile>
    <ClCompile Include="VectorPrimitiveRectangle.cpp">
      <Filter>Systems\VectorRenderer\VectorPrimitives</Filter>
    </ClCompile>
    <ClCompile Include="VectorPrimitiveLayer.cpp">
      <Filter>Systems\VectorRenderer\VectorPrimitives</Filter>
    </ClCompile>
    <ClCompile Include="VectorPrimitiveShape.cpp">
      <Filter>Systems\VectorRenderer\VectorPrimitives</Filter>
    </ClCompile>
    <ClCompile Include="Renderer.cpp">
      <Filter>Systems\VectorRenderer</Filter>
    </ClCompile>
    <ClCompile Include="VectorPrimitiveFactoryBase.cpp">
      <Filter>Systems\VectorRenderer\VectorPrimitives\Factories</Filter>
    </ClCompile>
    <ClCompile Include="VectorPrimitiveFactoryCircle.cpp">
      <Filter>Systems\VectorRenderer\VectorPrimitives\Factories</Filter>
    </ClCompile>
    <ClCompile Include="VectorPrimitiveFactoryLayer.cpp">
      <Filter>Systems\VectorRenderer\VectorPrimitives\Factories</Filter>
    </ClCompile>
    <ClCompile Include="VectorPrimitiveFactoryRectangle.cpp">
      <Filter>Systems\VectorRenderer\VectorPrimitives\Factories</Filter>
    </ClCompile>
    <ClCompile Include="VectorArt.cpp">
      <Filter>Systems\VectorRenderer\VectorPrimitives\Factories</Filter>
    </ClCompile>
    <ClCompile Include="RendererObject.cpp">
      <Filter>Systems\VectorRenderer</Filter>
    </ClCompile>
    <ClCompile Include="SystemRender.cpp">
      <Filter>Systems\ECS\Systems</Filter>
    </ClCompile>
    <ClCompile Include="ECS.cpp">
      <Filter>Systems\ECS</Filter>
    </ClCompile>
    <ClCompile Include="Chunk.cpp">
      <Filter>Systems\WorldGen</Filter>
    </ClCompile>
    <ClCompile Include="WorldGenerator.cpp">
      <Filter>Systems\WorldGen</Filter>
    </ClCompile>
    <ClCompile Include="ChunkGeneratorGrass.cpp">
      <Filter>Systems\WorldGen\ChunkGenerators</Filter>
    </ClCompile>
    <ClCompile Include="ActionDeciderAI.cpp">
      <Filter>Systems\ActionSystem</Filter>
    </ClCompile>
    <ClCompile Include="ActionDeciderBase.cpp">
      <Filter>Systems\ActionSystem</Filter>
    </ClCompile>
    <ClCompile Include="ActionDeciderPlayer.cpp">
      <Filter>Systems\ActionSystem</Filter>
    </ClCompile>
    <ClCompile Include="ActionHandlerBase.cpp">
      <Filter>Systems\ActionSystem</Filter>
    </ClCompile>
    <ClCompile Include="ActionHandlerMove.cpp">
      <Filter>Systems\ActionSystem</Filter>
    </ClCompile>
    <ClCompile Include="SystemAction.cpp">
      <Filter>Systems\ECS\Systems</Filter>
    </ClCompile>
    <ClCompile Include="SystemPhysics.cpp">
      <Filter>Systems\ECS\Systems</Filter>
    </ClCompile>
    <ClCompile Include="SystemDamage.cpp">
      <Filter>Systems\ECS\Systems</Filter>
    </ClCompile>
    <ClCompile Include="SystemEntityMap.cpp">
      <Filter>Systems\ECS\Systems</Filter>
    </ClCompile>
    <ClCompile Include="ActionHandlerAttack.cpp">
      <Filter>Systems\ActionSystem</Filter>
    </ClCompile>
  </ItemGroup>
  <ItemGroup>
    <ClInclude Include="Game.h">
      <Filter>Header Files</Filter>
    </ClInclude>
    <ClInclude Include="pch.h">
      <Filter>PCH</Filter>
    </ClInclude>
    <ClInclude Include="stb_image.h">
      <Filter>ExternalCode</Filter>
    </ClInclude>
    <ClInclude Include="tinyobj_loader.h">
      <Filter>ExternalCode</Filter>
    </ClInclude>
    <ClInclude Include="Mesh.h">
      <Filter>Header Files</Filter>
    </ClInclude>
    <ClInclude Include="Texture.h">
      <Filter>Header Files</Filter>
    </ClInclude>
    <ClInclude Include="ResourceLoader.h">
      <Filter>Header Files</Filter>
    </ClInclude>
    <ClInclude Include="VectorPrimitiveBase.h">
      <Filter>Systems\VectorRenderer\VectorPrimitives</Filter>
    </ClInclude>
    <ClInclude Include="VectorPrimitiveCircle.h">
      <Filter>Systems\VectorRenderer\VectorPrimitives</Filter>
    </ClInclude>
    <ClInclude Include="VectorPrimitiveRectangle.h">
      <Filter>Systems\VectorRenderer\VectorPrimitives</Filter>
    </ClInclude>
    <ClInclude Include="VectorPrimitiveTypes.h">
      <Filter>Systems\VectorRenderer\VectorPrimitives</Filter>
    </ClInclude>
    <ClInclude Include="VectorPrimitiveLayer.h">
      <Filter>Systems\VectorRenderer\VectorPrimitives</Filter>
    </ClInclude>
    <ClInclude Include="VectorPrimitiveShape.h">
      <Filter>Systems\VectorRenderer\VectorPrimitives</Filter>
    </ClInclude>
    <ClInclude Include="VectorPrimitiveFactoryBase.h">
      <Filter>Systems\VectorRenderer\VectorPrimitives\Factories</Filter>
    </ClInclude>
    <ClInclude Include="VectorPrimitiveFactoryCircle.h">
      <Filter>Systems\VectorRenderer\VectorPrimitives\Factories</Filter>
    </ClInclude>
    <ClInclude Include="VectorPrimitiveFactoryLayer.h">
      <Filter>Systems\VectorRenderer\VectorPrimitives\Factories</Filter>
    </ClInclude>
    <ClInclude Include="VectorPrimitiveFactoryRectangle.h">
      <Filter>Systems\VectorRenderer\VectorPrimitives\Factories</Filter>
    </ClInclude>
    <ClInclude Include="VectorArt.h">
      <Filter>Systems\VectorRenderer\VectorPrimitives\Factories</Filter>
    </ClInclude>
    <ClInclude Include="RendererObject.h">
      <Filter>Systems\VectorRenderer</Filter>
    </ClInclude>
    <ClInclude Include="Renderer.h">
      <Filter>Systems\VectorRenderer</Filter>
    </ClInclude>
    <ClInclude Include="ECS.h">
      <Filter>Systems\ECS</Filter>
    </ClInclude>
    <ClInclude Include="Components.h">
      <Filter>Systems\ECS</Filter>
    </ClInclude>
    <ClInclude Include="Entity.h">
      <Filter>Systems\ECS</Filter>
    </ClInclude>
    <ClInclude Include="SystemBase.h">
      <Filter>Systems\ECS\Systems</Filter>
    </ClInclude>
    <ClInclude Include="SystemRender.h">
      <Filter>Systems\ECS\Systems</Filter>
    </ClInclude>
    <ClInclude Include="SystemCallback.h">
      <Filter>Systems\ECS</Filter>
    </ClInclude>
    <ClInclude Include="SystemCallbackBase.h">
      <Filter>Systems\ECS</Filter>
    </ClInclude>
    <ClInclude Include="Chunk.h">
      <Filter>Systems\WorldGen</Filter>
    </ClInclude>
    <ClInclude Include="WorldGenerator.h">
      <Filter>Systems\WorldGen</Filter>
    </ClInclude>
    <ClInclude Include="ChunkGeneratorBase.h">
      <Filter>Systems\WorldGen\ChunkGenerators</Filter>
    </ClInclude>
    <ClInclude Include="ChunkGeneratorGrass.h">
      <Filter>Systems\WorldGen\ChunkGenerators</Filter>
    </ClInclude>
    <ClInclude Include="ActionDeciderAI.h">
      <Filter>Systems\ActionSystem</Filter>
    </ClInclude>
    <ClInclude Include="ActionDeciderBase.h">
      <Filter>Systems\ActionSystem</Filter>
    </ClInclude>
    <ClInclude Include="ActionDeciderPlayer.h">
      <Filter>Systems\ActionSystem</Filter>
    </ClInclude>
    <ClInclude Include="ActionHandlerBase.h">
      <Filter>Systems\ActionSystem</Filter>
    </ClInclude>
    <ClInclude Include="ActionHandlerMove.h">
      <Filter>Systems\ActionSystem</Filter>
    </ClInclude>
    <ClInclude Include="SystemPhysics.h">
      <Filter>Systems\ECS\Systems</Filter>
    </ClInclude>
    <ClInclude Include="SystemAction.h">
      <Filter>Systems\ECS\Systems</Filter>
    </ClInclude>
    <ClInclude Include="SystemDamage.h">
      <Filter>Systems\ECS\Systems</Filter>
    </ClInclude>
    <ClInclude Include="SystemEntityMap.h">
      <Filter>Systems\ECS\Systems</Filter>
    </ClInclude>
    <ClInclude Include="ActionHandlerAttack.h">
      <Filter>Systems\ActionSystem</Filter>
    </ClInclude>
  </ItemGroup>
  <ItemGroup>
    <None Include="..\Graphics\Shaders\ImGuiFrag.frag">
      <Filter>Systems\Shaders</Filter>
    </None>
    <None Include="..\Graphics\Shaders\ImGuiVert.vert">
      <Filter>Systems\Shaders</Filter>
    </None>
    <None Include="..\Graphics\Shaders\VectorFrag.frag">
      <Filter>Systems\Shaders</Filter>
    </None>
    <None Include="..\Graphics\Shaders\VectorVert.vert">
      <Filter>Systems\Shaders</Filter>
    </None>
  </ItemGroup>
</Project>